// !$*UTF8*$!
{
	archiveVersion = 1;
	classes = {
	};
	objectVersion = 56;
	objects = {

/* Begin PBXBuildFile section */
		4E1711222B6917AB004999A1 /* AppDelegate.swift in Sources */ = {isa = PBXBuildFile; fileRef = 4E1711212B6917AB004999A1 /* AppDelegate.swift */; };
		4E1711242B6917AB004999A1 /* SceneDelegate.swift in Sources */ = {isa = PBXBuildFile; fileRef = 4E1711232B6917AB004999A1 /* SceneDelegate.swift */; };
		4E17112B2B6917AC004999A1 /* Assets.xcassets in Resources */ = {isa = PBXBuildFile; fileRef = 4E17112A2B6917AC004999A1 /* Assets.xcassets */; };
		4E17112E2B6917AC004999A1 /* LaunchScreen.storyboard in Resources */ = {isa = PBXBuildFile; fileRef = 4E17112C2B6917AC004999A1 /* LaunchScreen.storyboard */; };
		4E1DEC2F2B6D0E7300B3F3F9 /* LEGOSet.swift in Sources */ = {isa = PBXBuildFile; fileRef = 4E1DEC2E2B6D0E7300B3F3F9 /* LEGOSet.swift */; };
		4E1DEC312B6D0F3A00B3F3F9 /* NetworkManager.swift in Sources */ = {isa = PBXBuildFile; fileRef = 4E1DEC302B6D0F3A00B3F3F9 /* NetworkManager.swift */; };
		4E47A2202B6B9699001A7164 /* SearchVC.swift in Sources */ = {isa = PBXBuildFile; fileRef = 4E47A21F2B6B9699001A7164 /* SearchVC.swift */; };
		4E47A2232B6B96C4001A7164 /* FavoritesListVC.swift in Sources */ = {isa = PBXBuildFile; fileRef = 4E47A2222B6B96C4001A7164 /* FavoritesListVC.swift */; };
		4E47A2252B6B9727001A7164 /* LCTabBarController.swift in Sources */ = {isa = PBXBuildFile; fileRef = 4E47A2242B6B9727001A7164 /* LCTabBarController.swift */; };
		4E47A2272B6B9919001A7164 /* LCButton.swift in Sources */ = {isa = PBXBuildFile; fileRef = 4E47A2262B6B9919001A7164 /* LCButton.swift */; };
		4E47A2292B6B9A26001A7164 /* LCTextField.swift in Sources */ = {isa = PBXBuildFile; fileRef = 4E47A2282B6B9A26001A7164 /* LCTextField.swift */; };
		4E47A22D2B6BA5AE001A7164 /* LCPickerView.swift in Sources */ = {isa = PBXBuildFile; fileRef = 4E47A22C2B6BA5AE001A7164 /* LCPickerView.swift */; };
		4E47A22F2B6BA8EF001A7164 /* Constants.swift in Sources */ = {isa = PBXBuildFile; fileRef = 4E47A22E2B6BA8EF001A7164 /* Constants.swift */; };
		4E47A2322B6BADE8001A7164 /* SetListVC.swift in Sources */ = {isa = PBXBuildFile; fileRef = 4E47A2312B6BADE8001A7164 /* SetListVC.swift */; };
		4E47A2342B6BB52B001A7164 /* LCTitleLabel.swift in Sources */ = {isa = PBXBuildFile; fileRef = 4E47A2332B6BB52B001A7164 /* LCTitleLabel.swift */; };
		4E47A2362B6BB5D3001A7164 /* LCBodyLabel.swift in Sources */ = {isa = PBXBuildFile; fileRef = 4E47A2352B6BB5D3001A7164 /* LCBodyLabel.swift */; };
		4E47A2382B6BCE49001A7164 /* LCAlertVC.swift in Sources */ = {isa = PBXBuildFile; fileRef = 4E47A2372B6BCE49001A7164 /* LCAlertVC.swift */; };
		4E47A23C2B6BD7DF001A7164 /* UIViewController+Extension.swift in Sources */ = {isa = PBXBuildFile; fileRef = 4E47A23B2B6BD7DF001A7164 /* UIViewController+Extension.swift */; };
/* End PBXBuildFile section */

/* Begin PBXFileReference section */
		4E17111E2B6917AB004999A1 /* LegoCollection.app */ = {isa = PBXFileReference; explicitFileType = wrapper.application; includeInIndex = 0; path = LegoCollection.app; sourceTree = BUILT_PRODUCTS_DIR; };
		4E1711212B6917AB004999A1 /* AppDelegate.swift */ = {isa = PBXFileReference; lastKnownFileType = sourcecode.swift; path = AppDelegate.swift; sourceTree = "<group>"; };
		4E1711232B6917AB004999A1 /* SceneDelegate.swift */ = {isa = PBXFileReference; lastKnownFileType = sourcecode.swift; path = SceneDelegate.swift; sourceTree = "<group>"; };
		4E17112A2B6917AC004999A1 /* Assets.xcassets */ = {isa = PBXFileReference; lastKnownFileType = folder.assetcatalog; path = Assets.xcassets; sourceTree = "<group>"; };
		4E17112D2B6917AC004999A1 /* Base */ = {isa = PBXFileReference; lastKnownFileType = file.storyboard; name = Base; path = Base.lproj/LaunchScreen.storyboard; sourceTree = "<group>"; };
		4E17112F2B6917AC004999A1 /* Info.plist */ = {isa = PBXFileReference; lastKnownFileType = text.plist.xml; path = Info.plist; sourceTree = "<group>"; };
		4E1DEC2E2B6D0E7300B3F3F9 /* LEGOSet.swift */ = {isa = PBXFileReference; lastKnownFileType = sourcecode.swift; path = LEGOSet.swift; sourceTree = "<group>"; };
		4E1DEC302B6D0F3A00B3F3F9 /* NetworkManager.swift */ = {isa = PBXFileReference; lastKnownFileType = sourcecode.swift; path = NetworkManager.swift; sourceTree = "<group>"; };
		4E47A21F2B6B9699001A7164 /* SearchVC.swift */ = {isa = PBXFileReference; lastKnownFileType = sourcecode.swift; path = SearchVC.swift; sourceTree = "<group>"; };
		4E47A2222B6B96C4001A7164 /* FavoritesListVC.swift */ = {isa = PBXFileReference; lastKnownFileType = sourcecode.swift; path = FavoritesListVC.swift; sourceTree = "<group>"; };
		4E47A2242B6B9727001A7164 /* LCTabBarController.swift */ = {isa = PBXFileReference; lastKnownFileType = sourcecode.swift; path = LCTabBarController.swift; sourceTree = "<group>"; };
		4E47A2262B6B9919001A7164 /* LCButton.swift */ = {isa = PBXFileReference; lastKnownFileType = sourcecode.swift; path = LCButton.swift; sourceTree = "<group>"; };
		4E47A2282B6B9A26001A7164 /* LCTextField.swift */ = {isa = PBXFileReference; lastKnownFileType = sourcecode.swift; path = LCTextField.swift; sourceTree = "<group>"; };
		4E47A22C2B6BA5AE001A7164 /* LCPickerView.swift */ = {isa = PBXFileReference; lastKnownFileType = sourcecode.swift; path = LCPickerView.swift; sourceTree = "<group>"; };
		4E47A22E2B6BA8EF001A7164 /* Constants.swift */ = {isa = PBXFileReference; lastKnownFileType = sourcecode.swift; path = Constants.swift; sourceTree = "<group>"; };
		4E47A2312B6BADE8001A7164 /* SetListVC.swift */ = {isa = PBXFileReference; lastKnownFileType = sourcecode.swift; path = SetListVC.swift; sourceTree = "<group>"; };
		4E47A2332B6BB52B001A7164 /* LCTitleLabel.swift */ = {isa = PBXFileReference; lastKnownFileType = sourcecode.swift; path = LCTitleLabel.swift; sourceTree = "<group>"; };
		4E47A2352B6BB5D3001A7164 /* LCBodyLabel.swift */ = {isa = PBXFileReference; lastKnownFileType = sourcecode.swift; path = LCBodyLabel.swift; sourceTree = "<group>"; };
		4E47A2372B6BCE49001A7164 /* LCAlertVC.swift */ = {isa = PBXFileReference; lastKnownFileType = sourcecode.swift; path = LCAlertVC.swift; sourceTree = "<group>"; };
		4E47A23B2B6BD7DF001A7164 /* UIViewController+Extension.swift */ = {isa = PBXFileReference; lastKnownFileType = sourcecode.swift; path = "UIViewController+Extension.swift"; sourceTree = "<group>"; };
/* End PBXFileReference section */

/* Begin PBXFrameworksBuildPhase section */
		4E17111B2B6917AB004999A1 /* Frameworks */ = {
			isa = PBXFrameworksBuildPhase;
			buildActionMask = 2147483647;
			files = (
			);
			runOnlyForDeploymentPostprocessing = 0;
		};
/* End PBXFrameworksBuildPhase section */

/* Begin PBXGroup section */
		4E1711152B6917AB004999A1 = {
			isa = PBXGroup;
			children = (
				4E1711202B6917AB004999A1 /* LegoCollection */,
				4E17111F2B6917AB004999A1 /* Products */,
			);
			sourceTree = "<group>";
		};
		4E17111F2B6917AB004999A1 /* Products */ = {
			isa = PBXGroup;
			children = (
				4E17111E2B6917AB004999A1 /* LegoCollection.app */,
			);
			name = Products;
			sourceTree = "<group>";
		};
		4E1711202B6917AB004999A1 /* LegoCollection */ = {
			isa = PBXGroup;
			children = (
				4E47A2302B6BA96E001A7164 /* Utilities */,
				4E47A2212B6B969F001A7164 /* Screens */,
				4E47A23D2B6BD9F5001A7164 /* Model */,
				4E47A23E2B6BDDE2001A7164 /* Managers */,
				4E47A2242B6B9727001A7164 /* LCTabBarController.swift */,
				4E47A2262B6B9919001A7164 /* LCButton.swift */,
				4E47A2282B6B9A26001A7164 /* LCTextField.swift */,
				4E47A22C2B6BA5AE001A7164 /* LCPickerView.swift */,
				4E47A2332B6BB52B001A7164 /* LCTitleLabel.swift */,
				4E47A2352B6BB5D3001A7164 /* LCBodyLabel.swift */,
				4E47A2372B6BCE49001A7164 /* LCAlertVC.swift */,
				4E47A23B2B6BD7DF001A7164 /* UIViewController+Extension.swift */,
				4E1711212B6917AB004999A1 /* AppDelegate.swift */,
				4E1711232B6917AB004999A1 /* SceneDelegate.swift */,
				4E17112A2B6917AC004999A1 /* Assets.xcassets */,
				4E17112C2B6917AC004999A1 /* LaunchScreen.storyboard */,
				4E17112F2B6917AC004999A1 /* Info.plist */,
			);
			path = LegoCollection;
			sourceTree = "<group>";
		};
		4E47A2212B6B969F001A7164 /* Screens */ = {
			isa = PBXGroup;
			children = (
				4E47A21F2B6B9699001A7164 /* SearchVC.swift */,
				4E47A2222B6B96C4001A7164 /* FavoritesListVC.swift */,
				4E47A2312B6BADE8001A7164 /* SetListVC.swift */,
			);
			path = Screens;
			sourceTree = "<group>";
		};
		4E47A2302B6BA96E001A7164 /* Utilities */ = {
			isa = PBXGroup;
			children = (
				4E47A22E2B6BA8EF001A7164 /* Constants.swift */,
			);
			path = Utilities;
			sourceTree = "<group>";
		};
		4E47A23D2B6BD9F5001A7164 /* Model */ = {
			isa = PBXGroup;
			children = (
				4E1DEC2E2B6D0E7300B3F3F9 /* LEGOSet.swift */,
			);
			path = Model;
			sourceTree = "<group>";
		};
		4E47A23E2B6BDDE2001A7164 /* Managers */ = {
			isa = PBXGroup;
			children = (
				4E1DEC302B6D0F3A00B3F3F9 /* NetworkManager.swift */,
			);
			path = Managers;
			sourceTree = "<group>";
		};
/* End PBXGroup section */

/* Begin PBXNativeTarget section */
		4E17111D2B6917AB004999A1 /* LegoCollection */ = {
			isa = PBXNativeTarget;
			buildConfigurationList = 4E1711322B6917AC004999A1 /* Build configuration list for PBXNativeTarget "LegoCollection" */;
			buildPhases = (
				4E17111A2B6917AB004999A1 /* Sources */,
				4E17111B2B6917AB004999A1 /* Frameworks */,
				4E17111C2B6917AB004999A1 /* Resources */,
			);
			buildRules = (
			);
			dependencies = (
			);
			name = LegoCollection;
			productName = LegoCollection;
			productReference = 4E17111E2B6917AB004999A1 /* LegoCollection.app */;
			productType = "com.apple.product-type.application";
		};
/* End PBXNativeTarget section */

/* Begin PBXProject section */
		4E1711162B6917AB004999A1 /* Project object */ = {
			isa = PBXProject;
			attributes = {
				BuildIndependentTargetsInParallel = 1;
				LastSwiftUpdateCheck = 1520;
				LastUpgradeCheck = 1520;
				TargetAttributes = {
					4E17111D2B6917AB004999A1 = {
						CreatedOnToolsVersion = 15.2;
					};
				};
			};
			buildConfigurationList = 4E1711192B6917AB004999A1 /* Build configuration list for PBXProject "LegoCollection" */;
			compatibilityVersion = "Xcode 14.0";
			developmentRegion = en;
			hasScannedForEncodings = 0;
			knownRegions = (
				en,
				Base,
			);
			mainGroup = 4E1711152B6917AB004999A1;
			productRefGroup = 4E17111F2B6917AB004999A1 /* Products */;
			projectDirPath = "";
			projectRoot = "";
			targets = (
				4E17111D2B6917AB004999A1 /* LegoCollection */,
			);
		};
/* End PBXProject section */

/* Begin PBXResourcesBuildPhase section */
		4E17111C2B6917AB004999A1 /* Resources */ = {
			isa = PBXResourcesBuildPhase;
			buildActionMask = 2147483647;
			files = (
				4E17112E2B6917AC004999A1 /* LaunchScreen.storyboard in Resources */,
				4E17112B2B6917AC004999A1 /* Assets.xcassets in Resources */,
			);
			runOnlyForDeploymentPostprocessing = 0;
		};
/* End PBXResourcesBuildPhase section */

/* Begin PBXSourcesBuildPhase section */
		4E17111A2B6917AB004999A1 /* Sources */ = {
			isa = PBXSourcesBuildPhase;
			buildActionMask = 2147483647;
			files = (
				4E47A2232B6B96C4001A7164 /* FavoritesListVC.swift in Sources */,
				4E47A2362B6BB5D3001A7164 /* LCBodyLabel.swift in Sources */,
				4E47A2322B6BADE8001A7164 /* SetListVC.swift in Sources */,
				4E47A2382B6BCE49001A7164 /* LCAlertVC.swift in Sources */,
				4E1DEC312B6D0F3A00B3F3F9 /* NetworkManager.swift in Sources */,
				4E47A23C2B6BD7DF001A7164 /* UIViewController+Extension.swift in Sources */,
				4E1DEC2F2B6D0E7300B3F3F9 /* LEGOSet.swift in Sources */,
				4E47A2292B6B9A26001A7164 /* LCTextField.swift in Sources */,
				4E47A2252B6B9727001A7164 /* LCTabBarController.swift in Sources */,
				4E47A22D2B6BA5AE001A7164 /* LCPickerView.swift in Sources */,
				4E47A2272B6B9919001A7164 /* LCButton.swift in Sources */,
				4E47A2202B6B9699001A7164 /* SearchVC.swift in Sources */,
				4E1711222B6917AB004999A1 /* AppDelegate.swift in Sources */,
				4E1711242B6917AB004999A1 /* SceneDelegate.swift in Sources */,
				4E47A2342B6BB52B001A7164 /* LCTitleLabel.swift in Sources */,
				4E47A22F2B6BA8EF001A7164 /* Constants.swift in Sources */,
			);
			runOnlyForDeploymentPostprocessing = 0;
		};
/* End PBXSourcesBuildPhase section */

/* Begin PBXVariantGroup section */
		4E17112C2B6917AC004999A1 /* LaunchScreen.storyboard */ = {
			isa = PBXVariantGroup;
			children = (
				4E17112D2B6917AC004999A1 /* Base */,
			);
			name = LaunchScreen.storyboard;
			sourceTree = "<group>";
		};
/* End PBXVariantGroup section */

/* Begin XCBuildConfiguration section */
		4E1711302B6917AC004999A1 /* Debug */ = {
			isa = XCBuildConfiguration;
			buildSettings = {
				ALWAYS_SEARCH_USER_PATHS = NO;
				ASSETCATALOG_COMPILER_GENERATE_SWIFT_ASSET_SYMBOL_EXTENSIONS = YES;
				CLANG_ANALYZER_NONNULL = YES;
				CLANG_ANALYZER_NUMBER_OBJECT_CONVERSION = YES_AGGRESSIVE;
				CLANG_CXX_LANGUAGE_STANDARD = "gnu++20";
				CLANG_ENABLE_MODULES = YES;
				CLANG_ENABLE_OBJC_ARC = YES;
				CLANG_ENABLE_OBJC_WEAK = YES;
				CLANG_WARN_BLOCK_CAPTURE_AUTORELEASING = YES;
				CLANG_WARN_BOOL_CONVERSION = YES;
				CLANG_WARN_COMMA = YES;
				CLANG_WARN_CONSTANT_CONVERSION = YES;
				CLANG_WARN_DEPRECATED_OBJC_IMPLEMENTATIONS = YES;
				CLANG_WARN_DIRECT_OBJC_ISA_USAGE = YES_ERROR;
				CLANG_WARN_DOCUMENTATION_COMMENTS = YES;
				CLANG_WARN_EMPTY_BODY = YES;
				CLANG_WARN_ENUM_CONVERSION = YES;
				CLANG_WARN_INFINITE_RECURSION = YES;
				CLANG_WARN_INT_CONVERSION = YES;
				CLANG_WARN_NON_LITERAL_NULL_CONVERSION = YES;
				CLANG_WARN_OBJC_IMPLICIT_RETAIN_SELF = YES;
				CLANG_WARN_OBJC_LITERAL_CONVERSION = YES;
				CLANG_WARN_OBJC_ROOT_CLASS = YES_ERROR;
				CLANG_WARN_QUOTED_INCLUDE_IN_FRAMEWORK_HEADER = YES;
				CLANG_WARN_RANGE_LOOP_ANALYSIS = YES;
				CLANG_WARN_STRICT_PROTOTYPES = YES;
				CLANG_WARN_SUSPICIOUS_MOVE = YES;
				CLANG_WARN_UNGUARDED_AVAILABILITY = YES_AGGRESSIVE;
				CLANG_WARN_UNREACHABLE_CODE = YES;
				CLANG_WARN__DUPLICATE_METHOD_MATCH = YES;
				COPY_PHASE_STRIP = NO;
				DEBUG_INFORMATION_FORMAT = dwarf;
				ENABLE_STRICT_OBJC_MSGSEND = YES;
				ENABLE_TESTABILITY = YES;
				ENABLE_USER_SCRIPT_SANDBOXING = YES;
				GCC_C_LANGUAGE_STANDARD = gnu17;
				GCC_DYNAMIC_NO_PIC = NO;
				GCC_NO_COMMON_BLOCKS = YES;
				GCC_OPTIMIZATION_LEVEL = 0;
				GCC_PREPROCESSOR_DEFINITIONS = (
					"DEBUG=1",
					"$(inherited)",
				);
				GCC_WARN_64_TO_32_BIT_CONVERSION = YES;
				GCC_WARN_ABOUT_RETURN_TYPE = YES_ERROR;
				GCC_WARN_UNDECLARED_SELECTOR = YES;
				GCC_WARN_UNINITIALIZED_AUTOS = YES_AGGRESSIVE;
				GCC_WARN_UNUSED_FUNCTION = YES;
				GCC_WARN_UNUSED_VARIABLE = YES;
				IPHONEOS_DEPLOYMENT_TARGET = 17.2;
				LOCALIZATION_PREFERS_STRING_CATALOGS = YES;
				MTL_ENABLE_DEBUG_INFO = INCLUDE_SOURCE;
				MTL_FAST_MATH = YES;
				ONLY_ACTIVE_ARCH = YES;
				SDKROOT = iphoneos;
				SWIFT_ACTIVE_COMPILATION_CONDITIONS = "DEBUG $(inherited)";
				SWIFT_OPTIMIZATION_LEVEL = "-Onone";
			};
			name = Debug;
		};
		4E1711312B6917AC004999A1 /* Release */ = {
			isa = XCBuildConfiguration;
			buildSettings = {
				ALWAYS_SEARCH_USER_PATHS = NO;
				ASSETCATALOG_COMPILER_GENERATE_SWIFT_ASSET_SYMBOL_EXTENSIONS = YES;
				CLANG_ANALYZER_NONNULL = YES;
				CLANG_ANALYZER_NUMBER_OBJECT_CONVERSION = YES_AGGRESSIVE;
				CLANG_CXX_LANGUAGE_STANDARD = "gnu++20";
				CLANG_ENABLE_MODULES = YES;
				CLANG_ENABLE_OBJC_ARC = YES;
				CLANG_ENABLE_OBJC_WEAK = YES;
				CLANG_WARN_BLOCK_CAPTURE_AUTORELEASING = YES;
				CLANG_WARN_BOOL_CONVERSION = YES;
				CLANG_WARN_COMMA = YES;
				CLANG_WARN_CONSTANT_CONVERSION = YES;
				CLANG_WARN_DEPRECATED_OBJC_IMPLEMENTATIONS = YES;
				CLANG_WARN_DIRECT_OBJC_ISA_USAGE = YES_ERROR;
				CLANG_WARN_DOCUMENTATION_COMMENTS = YES;
				CLANG_WARN_EMPTY_BODY = YES;
				CLANG_WARN_ENUM_CONVERSION = YES;
				CLANG_WARN_INFINITE_RECURSION = YES;
				CLANG_WARN_INT_CONVERSION = YES;
				CLANG_WARN_NON_LITERAL_NULL_CONVERSION = YES;
				CLANG_WARN_OBJC_IMPLICIT_RETAIN_SELF = YES;
				CLANG_WARN_OBJC_LITERAL_CONVERSION = YES;
				CLANG_WARN_OBJC_ROOT_CLASS = YES_ERROR;
				CLANG_WARN_QUOTED_INCLUDE_IN_FRAMEWORK_HEADER = YES;
				CLANG_WARN_RANGE_LOOP_ANALYSIS = YES;
				CLANG_WARN_STRICT_PROTOTYPES = YES;
				CLANG_WARN_SUSPICIOUS_MOVE = YES;
				CLANG_WARN_UNGUARDED_AVAILABILITY = YES_AGGRESSIVE;
				CLANG_WARN_UNREACHABLE_CODE = YES;
				CLANG_WARN__DUPLICATE_METHOD_MATCH = YES;
				COPY_PHASE_STRIP = NO;
				DEBUG_INFORMATION_FORMAT = "dwarf-with-dsym";
				ENABLE_NS_ASSERTIONS = NO;
				ENABLE_STRICT_OBJC_MSGSEND = YES;
				ENABLE_USER_SCRIPT_SANDBOXING = YES;
				GCC_C_LANGUAGE_STANDARD = gnu17;
				GCC_NO_COMMON_BLOCKS = YES;
				GCC_WARN_64_TO_32_BIT_CONVERSION = YES;
				GCC_WARN_ABOUT_RETURN_TYPE = YES_ERROR;
				GCC_WARN_UNDECLARED_SELECTOR = YES;
				GCC_WARN_UNINITIALIZED_AUTOS = YES_AGGRESSIVE;
				GCC_WARN_UNUSED_FUNCTION = YES;
				GCC_WARN_UNUSED_VARIABLE = YES;
				IPHONEOS_DEPLOYMENT_TARGET = 17.2;
				LOCALIZATION_PREFERS_STRING_CATALOGS = YES;
				MTL_ENABLE_DEBUG_INFO = NO;
				MTL_FAST_MATH = YES;
				SDKROOT = iphoneos;
				SWIFT_COMPILATION_MODE = wholemodule;
				VALIDATE_PRODUCT = YES;
			};
			name = Release;
		};
		4E1711332B6917AC004999A1 /* Debug */ = {
			isa = XCBuildConfiguration;
			buildSettings = {
				ASSETCATALOG_COMPILER_APPICON_NAME = AppIcon;
				ASSETCATALOG_COMPILER_GLOBAL_ACCENT_COLOR_NAME = AccentColor;
				CODE_SIGN_STYLE = Automatic;
				CURRENT_PROJECT_VERSION = 1;
				DEVELOPMENT_TEAM = GLHD9SFFNS;
				GENERATE_INFOPLIST_FILE = YES;
				INFOPLIST_FILE = LegoCollection/Info.plist;
				INFOPLIST_KEY_UIApplicationSupportsIndirectInputEvents = YES;
				INFOPLIST_KEY_UILaunchStoryboardName = LaunchScreen;
				INFOPLIST_KEY_UIMainStoryboardFile = "";
				INFOPLIST_KEY_UISupportedInterfaceOrientations = UIInterfaceOrientationPortrait;
				INFOPLIST_KEY_UISupportedInterfaceOrientations_iPad = "UIInterfaceOrientationLandscapeLeft UIInterfaceOrientationLandscapeRight UIInterfaceOrientationPortrait UIInterfaceOrientationPortraitUpsideDown";
				LD_RUNPATH_SEARCH_PATHS = (
					"$(inherited)",
					"@executable_path/Frameworks",
				);
				MARKETING_VERSION = 1.0;
				PRODUCT_BUNDLE_IDENTIFIER = hkaya.LegoCollection;
				PRODUCT_NAME = "$(TARGET_NAME)";
				SUPPORTED_PLATFORMS = "iphoneos iphonesimulator";
				SUPPORTS_MACCATALYST = NO;
				SUPPORTS_MAC_DESIGNED_FOR_IPHONE_IPAD = NO;
				SUPPORTS_XR_DESIGNED_FOR_IPHONE_IPAD = NO;
				SWIFT_EMIT_LOC_STRINGS = YES;
				SWIFT_VERSION = 5.0;
				TARGETED_DEVICE_FAMILY = 1;
			};
			name = Debug;
		};
		4E1711342B6917AC004999A1 /* Release */ = {
			isa = XCBuildConfiguration;
			buildSettings = {
				ASSETCATALOG_COMPILER_APPICON_NAME = AppIcon;
				ASSETCATALOG_COMPILER_GLOBAL_ACCENT_COLOR_NAME = AccentColor;
				CODE_SIGN_STYLE = Automatic;
				CURRENT_PROJECT_VERSION = 1;
				DEVELOPMENT_TEAM = GLHD9SFFNS;
				GENERATE_INFOPLIST_FILE = YES;
				INFOPLIST_FILE = LegoCollection/Info.plist;
				INFOPLIST_KEY_UIApplicationSupportsIndirectInputEvents = YES;
				INFOPLIST_KEY_UILaunchStoryboardName = LaunchScreen;
				INFOPLIST_KEY_UIMainStoryboardFile = "";
				INFOPLIST_KEY_UISupportedInterfaceOrientations = UIInterfaceOrientationPortrait;
				INFOPLIST_KEY_UISupportedInterfaceOrientations_iPad = "UIInterfaceOrientationLandscapeLeft UIInterfaceOrientationLandscapeRight UIInterfaceOrientationPortrait UIInterfaceOrientationPortraitUpsideDown";
				LD_RUNPATH_SEARCH_PATHS = (
					"$(inherited)",
					"@executable_path/Frameworks",
				);
				MARKETING_VERSION = 1.0;
				PRODUCT_BUNDLE_IDENTIFIER = hkaya.LegoCollection;
				PRODUCT_NAME = "$(TARGET_NAME)";
				SUPPORTED_PLATFORMS = "iphoneos iphonesimulator";
				SUPPORTS_MACCATALYST = NO;
				SUPPORTS_MAC_DESIGNED_FOR_IPHONE_IPAD = NO;
				SUPPORTS_XR_DESIGNED_FOR_IPHONE_IPAD = NO;
				SWIFT_EMIT_LOC_STRINGS = YES;
				SWIFT_VERSION = 5.0;
				TARGETED_DEVICE_FAMILY = 1;
			};
			name = Release;
		};
/* End XCBuildConfiguration section */

/* Begin XCConfigurationList section */
		4E1711192B6917AB004999A1 /* Build configuration list for PBXProject "LegoCollection" */ = {
			isa = XCConfigurationList;
			buildConfigurations = (
				4E1711302B6917AC004999A1 /* Debug */,
				4E1711312B6917AC004999A1 /* Release */,
			);
			defaultConfigurationIsVisible = 0;
			defaultConfigurationName = Release;
		};
		4E1711322B6917AC004999A1 /* Build configuration list for PBXNativeTarget "LegoCollection" */ = {
			isa = XCConfigurationList;
			buildConfigurations = (
				4E1711332B6917AC004999A1 /* Debug */,
				4E1711342B6917AC004999A1 /* Release */,
			);
			defaultConfigurationIsVisible = 0;
			defaultConfigurationName = Release;
		};
/* End XCConfigurationList section */
	};
	rootObject = 4E1711162B6917AB004999A1 /* Project object */;
}
